// !$*UTF8*$!
{
	archiveVersion = 1;
	classes = {
	};
	objectVersion = 46;
	objects = {

/* Begin PBXBuildFile section */
		156E68FC1C4F695C00021B1F /* main.m in Sources */ = {isa = PBXBuildFile; fileRef = 156E68FB1C4F695C00021B1F /* main.m */; };
		156E68FF1C4F695C00021B1F /* AppDelegate.m in Sources */ = {isa = PBXBuildFile; fileRef = 156E68FE1C4F695C00021B1F /* AppDelegate.m */; };
		156E69021C4F695C00021B1F /* ViewController.m in Sources */ = {isa = PBXBuildFile; fileRef = 156E69011C4F695C00021B1F /* ViewController.m */; };
		156E69051C4F695C00021B1F /* Main.storyboard in Resources */ = {isa = PBXBuildFile; fileRef = 156E69031C4F695C00021B1F /* Main.storyboard */; };
		156E69071C4F695C00021B1F /* Assets.xcassets in Resources */ = {isa = PBXBuildFile; fileRef = 156E69061C4F695C00021B1F /* Assets.xcassets */; };
		156E690A1C4F695C00021B1F /* LaunchScreen.storyboard in Resources */ = {isa = PBXBuildFile; fileRef = 156E69081C4F695C00021B1F /* LaunchScreen.storyboard */; };
		156E69131C4F697800021B1F /* CBBrowsePictureScrollView.m in Sources */ = {isa = PBXBuildFile; fileRef = 156E69121C4F697800021B1F /* CBBrowsePictureScrollView.m */; };
		156E69331C4F69B900021B1F /* NSData+ImageContentType.m in Sources */ = {isa = PBXBuildFile; fileRef = 156E69171C4F69B900021B1F /* NSData+ImageContentType.m */; };
		156E69341C4F69B900021B1F /* SDImageCache.m in Sources */ = {isa = PBXBuildFile; fileRef = 156E69191C4F69B900021B1F /* SDImageCache.m */; };
		156E69351C4F69B900021B1F /* SDWebImageCompat.m in Sources */ = {isa = PBXBuildFile; fileRef = 156E691B1C4F69B900021B1F /* SDWebImageCompat.m */; };
		156E69361C4F69B900021B1F /* SDWebImageDecoder.m in Sources */ = {isa = PBXBuildFile; fileRef = 156E691D1C4F69B900021B1F /* SDWebImageDecoder.m */; };
		156E69371C4F69B900021B1F /* SDWebImageDownloader.m in Sources */ = {isa = PBXBuildFile; fileRef = 156E691F1C4F69B900021B1F /* SDWebImageDownloader.m */; };
		156E69381C4F69B900021B1F /* SDWebImageDownloaderOperation.m in Sources */ = {isa = PBXBuildFile; fileRef = 156E69211C4F69B900021B1F /* SDWebImageDownloaderOperation.m */; };
		156E69391C4F69B900021B1F /* SDWebImageManager.m in Sources */ = {isa = PBXBuildFile; fileRef = 156E69231C4F69B900021B1F /* SDWebImageManager.m */; };
		156E693A1C4F69B900021B1F /* SDWebImagePrefetcher.m in Sources */ = {isa = PBXBuildFile; fileRef = 156E69261C4F69B900021B1F /* SDWebImagePrefetcher.m */; };
		156E693B1C4F69B900021B1F /* UIButton+WebCache.m in Sources */ = {isa = PBXBuildFile; fileRef = 156E69281C4F69B900021B1F /* UIButton+WebCache.m */; };
		156E693C1C4F69B900021B1F /* UIImage+GIF.m in Sources */ = {isa = PBXBuildFile; fileRef = 156E692A1C4F69B900021B1F /* UIImage+GIF.m */; };
		156E693D1C4F69B900021B1F /* UIImage+MultiFormat.m in Sources */ = {isa = PBXBuildFile; fileRef = 156E692C1C4F69B900021B1F /* UIImage+MultiFormat.m */; };
		156E693E1C4F69B900021B1F /* UIImageView+HighlightedWebCache.m in Sources */ = {isa = PBXBuildFile; fileRef = 156E692E1C4F69B900021B1F /* UIImageView+HighlightedWebCache.m */; };
		156E693F1C4F69B900021B1F /* UIImageView+WebCache.m in Sources */ = {isa = PBXBuildFile; fileRef = 156E69301C4F69B900021B1F /* UIImageView+WebCache.m */; };
		156E69401C4F69B900021B1F /* UIView+WebCacheOperation.m in Sources */ = {isa = PBXBuildFile; fileRef = 156E69321C4F69B900021B1F /* UIView+WebCacheOperation.m */; };
/* End PBXBuildFile section */

/* Begin PBXFileReference section */
		156E68F71C4F695C00021B1F /* CBPictureBrowser.app */ = {isa = PBXFileReference; explicitFileType = wrapper.application; includeInIndex = 0; path = CBPictureBrowser.app; sourceTree = BUILT_PRODUCTS_DIR; };
		156E68FB1C4F695C00021B1F /* main.m */ = {isa = PBXFileReference; lastKnownFileType = sourcecode.c.objc; path = main.m; sourceTree = "<group>"; };
		156E68FD1C4F695C00021B1F /* AppDelegate.h */ = {isa = PBXFileReference; lastKnownFileType = sourcecode.c.h; path = AppDelegate.h; sourceTree = "<group>"; };
		156E68FE1C4F695C00021B1F /* AppDelegate.m */ = {isa = PBXFileReference; lastKnownFileType = sourcecode.c.objc; path = AppDelegate.m; sourceTree = "<group>"; };
		156E69001C4F695C00021B1F /* ViewController.h */ = {isa = PBXFileReference; lastKnownFileType = sourcecode.c.h; path = ViewController.h; sourceTree = "<group>"; };
		156E69011C4F695C00021B1F /* ViewController.m */ = {isa = PBXFileReference; lastKnownFileType = sourcecode.c.objc; path = ViewController.m; sourceTree = "<group>"; };
		156E69041C4F695C00021B1F /* Base */ = {isa = PBXFileReference; lastKnownFileType = file.storyboard; name = Base; path = Base.lproj/Main.storyboard; sourceTree = "<group>"; };
		156E69061C4F695C00021B1F /* Assets.xcassets */ = {isa = PBXFileReference; lastKnownFileType = folder.assetcatalog; path = Assets.xcassets; sourceTree = "<group>"; };
		156E69091C4F695C00021B1F /* Base */ = {isa = PBXFileReference; lastKnownFileType = file.storyboard; name = Base; path = Base.lproj/LaunchScreen.storyboard; sourceTree = "<group>"; };
		156E690B1C4F695C00021B1F /* Info.plist */ = {isa = PBXFileReference; lastKnownFileType = text.plist.xml; path = Info.plist; sourceTree = "<group>"; };
		156E69111C4F697800021B1F /* CBBrowsePictureScrollView.h */ = {isa = PBXFileReference; fileEncoding = 4; lastKnownFileType = sourcecode.c.h; path = CBBrowsePictureScrollView.h; sourceTree = "<group>"; };
		156E69121C4F697800021B1F /* CBBrowsePictureScrollView.m */ = {isa = PBXFileReference; fileEncoding = 4; lastKnownFileType = sourcecode.c.objc; path = CBBrowsePictureScrollView.m; sourceTree = "<group>"; };
		156E69161C4F69B900021B1F /* NSData+ImageContentType.h */ = {isa = PBXFileReference; fileEncoding = 4; lastKnownFileType = sourcecode.c.h; path = "NSData+ImageContentType.h"; sourceTree = "<group>"; };
		156E69171C4F69B900021B1F /* NSData+ImageContentType.m */ = {isa = PBXFileReference; fileEncoding = 4; lastKnownFileType = sourcecode.c.objc; path = "NSData+ImageContentType.m"; sourceTree = "<group>"; };
		156E69181C4F69B900021B1F /* SDImageCache.h */ = {isa = PBXFileReference; fileEncoding = 4; lastKnownFileType = sourcecode.c.h; path = SDImageCache.h; sourceTree = "<group>"; };
		156E69191C4F69B900021B1F /* SDImageCache.m */ = {isa = PBXFileReference; fileEncoding = 4; lastKnownFileType = sourcecode.c.objc; path = SDImageCache.m; sourceTree = "<group>"; };
		156E691A1C4F69B900021B1F /* SDWebImageCompat.h */ = {isa = PBXFileReference; fileEncoding = 4; lastKnownFileType = sourcecode.c.h; path = SDWebImageCompat.h; sourceTree = "<group>"; };
		156E691B1C4F69B900021B1F /* SDWebImageCompat.m */ = {isa = PBXFileReference; fileEncoding = 4; lastKnownFileType = sourcecode.c.objc; path = SDWebImageCompat.m; sourceTree = "<group>"; };
		156E691C1C4F69B900021B1F /* SDWebImageDecoder.h */ = {isa = PBXFileReference; fileEncoding = 4; lastKnownFileType = sourcecode.c.h; path = SDWebImageDecoder.h; sourceTree = "<group>"; };
		156E691D1C4F69B900021B1F /* SDWebImageDecoder.m */ = {isa = PBXFileReference; fileEncoding = 4; lastKnownFileType = sourcecode.c.objc; path = SDWebImageDecoder.m; sourceTree = "<group>"; };
		156E691E1C4F69B900021B1F /* SDWebImageDownloader.h */ = {isa = PBXFileReference; fileEncoding = 4; lastKnownFileType = sourcecode.c.h; path = SDWebImageDownloader.h; sourceTree = "<group>"; };
		156E691F1C4F69B900021B1F /* SDWebImageDownloader.m */ = {isa = PBXFileReference; fileEncoding = 4; lastKnownFileType = sourcecode.c.objc; path = SDWebImageDownloader.m; sourceTree = "<group>"; };
		156E69201C4F69B900021B1F /* SDWebImageDownloaderOperation.h */ = {isa = PBXFileReference; fileEncoding = 4; lastKnownFileType = sourcecode.c.h; path = SDWebImageDownloaderOperation.h; sourceTree = "<group>"; };
		156E69211C4F69B900021B1F /* SDWebImageDownloaderOperation.m */ = {isa = PBXFileReference; fileEncoding = 4; lastKnownFileType = sourcecode.c.objc; path = SDWebImageDownloaderOperation.m; sourceTree = "<group>"; };
		156E69221C4F69B900021B1F /* SDWebImageManager.h */ = {isa = PBXFileReference; fileEncoding = 4; lastKnownFileType = sourcecode.c.h; path = SDWebImageManager.h; sourceTree = "<group>"; };
		156E69231C4F69B900021B1F /* SDWebImageManager.m */ = {isa = PBXFileReference; fileEncoding = 4; lastKnownFileType = sourcecode.c.objc; path = SDWebImageManager.m; sourceTree = "<group>"; };
		156E69241C4F69B900021B1F /* SDWebImageOperation.h */ = {isa = PBXFileReference; fileEncoding = 4; lastKnownFileType = sourcecode.c.h; path = SDWebImageOperation.h; sourceTree = "<group>"; };
		156E69251C4F69B900021B1F /* SDWebImagePrefetcher.h */ = {isa = PBXFileReference; fileEncoding = 4; lastKnownFileType = sourcecode.c.h; path = SDWebImagePrefetcher.h; sourceTree = "<group>"; };
		156E69261C4F69B900021B1F /* SDWebImagePrefetcher.m */ = {isa = PBXFileReference; fileEncoding = 4; lastKnownFileType = sourcecode.c.objc; path = SDWebImagePrefetcher.m; sourceTree = "<group>"; };
		156E69271C4F69B900021B1F /* UIButton+WebCache.h */ = {isa = PBXFileReference; fileEncoding = 4; lastKnownFileType = sourcecode.c.h; path = "UIButton+WebCache.h"; sourceTree = "<group>"; };
		156E69281C4F69B900021B1F /* UIButton+WebCache.m */ = {isa = PBXFileReference; fileEncoding = 4; lastKnownFileType = sourcecode.c.objc; path = "UIButton+WebCache.m"; sourceTree = "<group>"; };
		156E69291C4F69B900021B1F /* UIImage+GIF.h */ = {isa = PBXFileReference; fileEncoding = 4; lastKnownFileType = sourcecode.c.h; path = "UIImage+GIF.h"; sourceTree = "<group>"; };
		156E692A1C4F69B900021B1F /* UIImage+GIF.m */ = {isa = PBXFileReference; fileEncoding = 4; lastKnownFileType = sourcecode.c.objc; path = "UIImage+GIF.m"; sourceTree = "<group>"; };
		156E692B1C4F69B900021B1F /* UIImage+MultiFormat.h */ = {isa = PBXFileReference; fileEncoding = 4; lastKnownFileType = sourcecode.c.h; path = "UIImage+MultiFormat.h"; sourceTree = "<group>"; };
		156E692C1C4F69B900021B1F /* UIImage+MultiFormat.m */ = {isa = PBXFileReference; fileEncoding = 4; lastKnownFileType = sourcecode.c.objc; path = "UIImage+MultiFormat.m"; sourceTree = "<group>"; };
		156E692D1C4F69B900021B1F /* UIImageView+HighlightedWebCache.h */ = {isa = PBXFileReference; fileEncoding = 4; lastKnownFileType = sourcecode.c.h; path = "UIImageView+HighlightedWebCache.h"; sourceTree = "<group>"; };
		156E692E1C4F69B900021B1F /* UIImageView+HighlightedWebCache.m */ = {isa = PBXFileReference; fileEncoding = 4; lastKnownFileType = sourcecode.c.objc; path = "UIImageView+HighlightedWebCache.m"; sourceTree = "<group>"; };
		156E692F1C4F69B900021B1F /* UIImageView+WebCache.h */ = {isa = PBXFileReference; fileEncoding = 4; lastKnownFileType = sourcecode.c.h; path = "UIImageView+WebCache.h"; sourceTree = "<group>"; };
		156E69301C4F69B900021B1F /* UIImageView+WebCache.m */ = {isa = PBXFileReference; fileEncoding = 4; lastKnownFileType = sourcecode.c.objc; path = "UIImageView+WebCache.m"; sourceTree = "<group>"; };
		156E69311C4F69B900021B1F /* UIView+WebCacheOperation.h */ = {isa = PBXFileReference; fileEncoding = 4; lastKnownFileType = sourcecode.c.h; path = "UIView+WebCacheOperation.h"; sourceTree = "<group>"; };
		156E69321C4F69B900021B1F /* UIView+WebCacheOperation.m */ = {isa = PBXFileReference; fileEncoding = 4; lastKnownFileType = sourcecode.c.objc; path = "UIView+WebCacheOperation.m"; sourceTree = "<group>"; };
/* End PBXFileReference section */

/* Begin PBXFrameworksBuildPhase section */
		156E68F41C4F695C00021B1F /* Frameworks */ = {
			isa = PBXFrameworksBuildPhase;
			buildActionMask = 2147483647;
			files = (
			);
			runOnlyForDeploymentPostprocessing = 0;
		};
/* End PBXFrameworksBuildPhase section */

/* Begin PBXGroup section */
		156E68EE1C4F695B00021B1F = {
			isa = PBXGroup;
			children = (
				156E68F91C4F695C00021B1F /* CBPictureBrowser */,
				156E68F81C4F695C00021B1F /* Products */,
			);
			sourceTree = "<group>";
		};
		156E68F81C4F695C00021B1F /* Products */ = {
			isa = PBXGroup;
			children = (
				156E68F71C4F695C00021B1F /* CBPictureBrowser.app */,
			);
			name = Products;
			sourceTree = "<group>";
		};
		156E68F91C4F695C00021B1F /* CBPictureBrowser */ = {
			isa = PBXGroup;
			children = (
				156E69141C4F697D00021B1F /* CBBrowsePictureScrollView */,
				156E68FD1C4F695C00021B1F /* AppDelegate.h */,
				156E68FE1C4F695C00021B1F /* AppDelegate.m */,
				156E69001C4F695C00021B1F /* ViewController.h */,
				156E69011C4F695C00021B1F /* ViewController.m */,
				156E69031C4F695C00021B1F /* Main.storyboard */,
				156E69061C4F695C00021B1F /* Assets.xcassets */,
				156E69081C4F695C00021B1F /* LaunchScreen.storyboard */,
				156E690B1C4F695C00021B1F /* Info.plist */,
				156E68FA1C4F695C00021B1F /* Supporting Files */,
			);
			path = CBPictureBrowser;
			sourceTree = "<group>";
		};
		156E68FA1C4F695C00021B1F /* Supporting Files */ = {
			isa = PBXGroup;
			children = (
				156E68FB1C4F695C00021B1F /* main.m */,
			);
			name = "Supporting Files";
			sourceTree = "<group>";
		};
		156E69141C4F697D00021B1F /* CBBrowsePictureScrollView */ = {
			isa = PBXGroup;
			children = (
				156E69151C4F69B900021B1F /* SDWebImage */,
				156E69111C4F697800021B1F /* CBBrowsePictureScrollView.h */,
				156E69121C4F697800021B1F /* CBBrowsePictureScrollView.m */,
			);
			name = CBBrowsePictureScrollView;
			sourceTree = "<group>";
		};
		156E69151C4F69B900021B1F /* SDWebImage */ = {
			isa = PBXGroup;
			children = (
				156E69161C4F69B900021B1F /* NSData+ImageContentType.h */,
				156E69171C4F69B900021B1F /* NSData+ImageContentType.m */,
				156E69181C4F69B900021B1F /* SDImageCache.h */,
				156E69191C4F69B900021B1F /* SDImageCache.m */,
				156E691A1C4F69B900021B1F /* SDWebImageCompat.h */,
				156E691B1C4F69B900021B1F /* SDWebImageCompat.m */,
				156E691C1C4F69B900021B1F /* SDWebImageDecoder.h */,
				156E691D1C4F69B900021B1F /* SDWebImageDecoder.m */,
				156E691E1C4F69B900021B1F /* SDWebImageDownloader.h */,
				156E691F1C4F69B900021B1F /* SDWebImageDownloader.m */,
				156E69201C4F69B900021B1F /* SDWebImageDownloaderOperation.h */,
				156E69211C4F69B900021B1F /* SDWebImageDownloaderOperation.m */,
				156E69221C4F69B900021B1F /* SDWebImageManager.h */,
				156E69231C4F69B900021B1F /* SDWebImageManager.m */,
				156E69241C4F69B900021B1F /* SDWebImageOperation.h */,
				156E69251C4F69B900021B1F /* SDWebImagePrefetcher.h */,
				156E69261C4F69B900021B1F /* SDWebImagePrefetcher.m */,
				156E69271C4F69B900021B1F /* UIButton+WebCache.h */,
				156E69281C4F69B900021B1F /* UIButton+WebCache.m */,
				156E69291C4F69B900021B1F /* UIImage+GIF.h */,
				156E692A1C4F69B900021B1F /* UIImage+GIF.m */,
				156E692B1C4F69B900021B1F /* UIImage+MultiFormat.h */,
				156E692C1C4F69B900021B1F /* UIImage+MultiFormat.m */,
				156E692D1C4F69B900021B1F /* UIImageView+HighlightedWebCache.h */,
				156E692E1C4F69B900021B1F /* UIImageView+HighlightedWebCache.m */,
				156E692F1C4F69B900021B1F /* UIImageView+WebCache.h */,
				156E69301C4F69B900021B1F /* UIImageView+WebCache.m */,
				156E69311C4F69B900021B1F /* UIView+WebCacheOperation.h */,
				156E69321C4F69B900021B1F /* UIView+WebCacheOperation.m */,
			);
			path = SDWebImage;
			sourceTree = "<group>";
		};
/* End PBXGroup section */

/* Begin PBXNativeTarget section */
		156E68F61C4F695C00021B1F /* CBPictureBrowser */ = {
			isa = PBXNativeTarget;
			buildConfigurationList = 156E690E1C4F695C00021B1F /* Build configuration list for PBXNativeTarget "CBPictureBrowser" */;
			buildPhases = (
				156E68F31C4F695C00021B1F /* Sources */,
				156E68F41C4F695C00021B1F /* Frameworks */,
				156E68F51C4F695C00021B1F /* Resources */,
			);
			buildRules = (
			);
			dependencies = (
			);
			name = CBPictureBrowser;
			productName = CBPictureBrowser;
			productReference = 156E68F71C4F695C00021B1F /* CBPictureBrowser.app */;
			productType = "com.apple.product-type.application";
		};
/* End PBXNativeTarget section */

/* Begin PBXProject section */
		156E68EF1C4F695B00021B1F /* Project object */ = {
			isa = PBXProject;
			attributes = {
				LastUpgradeCheck = 0720;
				ORGANIZATIONNAME = Anson;
				TargetAttributes = {
					156E68F61C4F695C00021B1F = {
						CreatedOnToolsVersion = 7.2;
					};
				};
			};
			buildConfigurationList = 156E68F21C4F695B00021B1F /* Build configuration list for PBXProject "CBPictureBrowser" */;
			compatibilityVersion = "Xcode 3.2";
			developmentRegion = English;
			hasScannedForEncodings = 0;
			knownRegions = (
				en,
				Base,
			);
			mainGroup = 156E68EE1C4F695B00021B1F;
			productRefGroup = 156E68F81C4F695C00021B1F /* Products */;
			projectDirPath = "";
			projectRoot = "";
			targets = (
				156E68F61C4F695C00021B1F /* CBPictureBrowser */,
			);
		};
/* End PBXProject section */

/* Begin PBXResourcesBuildPhase section */
		156E68F51C4F695C00021B1F /* Resources */ = {
			isa = PBXResourcesBuildPhase;
			buildActionMask = 2147483647;
			files = (
				156E690A1C4F695C00021B1F /* LaunchScreen.storyboard in Resources */,
				156E69071C4F695C00021B1F /* Assets.xcassets in Resources */,
				156E69051C4F695C00021B1F /* Main.storyboard in Resources */,
			);
			runOnlyForDeploymentPostprocessing = 0;
		};
/* End PBXResourcesBuildPhase section */

/* Begin PBXSourcesBuildPhase section */
		156E68F31C4F695C00021B1F /* Sources */ = {
			isa = PBXSourcesBuildPhase;
			buildActionMask = 2147483647;
			files = (
				156E69331C4F69B900021B1F /* NSData+ImageContentType.m in Sources */,
				156E69391C4F69B900021B1F /* SDWebImageManager.m in Sources */,
				156E693E1C4F69B900021B1F /* UIImageView+HighlightedWebCache.m in Sources */,
				156E69371C4F69B900021B1F /* SDWebImageDownloader.m in Sources */,
				156E693F1C4F69B900021B1F /* UIImageView+WebCache.m in Sources */,
				156E69341C4F69B900021B1F /* SDImageCache.m in Sources */,
				156E69021C4F695C00021B1F /* ViewController.m in Sources */,
				156E68FF1C4F695C00021B1F /* AppDelegate.m in Sources */,
				156E69361C4F69B900021B1F /* SDWebImageDecoder.m in Sources */,
				156E693D1C4F69B900021B1F /* UIImage+MultiFormat.m in Sources */,
				156E69381C4F69B900021B1F /* SDWebImageDownloaderOperation.m in Sources */,
				156E68FC1C4F695C00021B1F /* main.m in Sources */,
				156E693B1C4F69B900021B1F /* UIButton+WebCache.m in Sources */,
				156E693A1C4F69B900021B1F /* SDWebImagePrefetcher.m in Sources */,
				156E69351C4F69B900021B1F /* SDWebImageCompat.m in Sources */,
				156E693C1C4F69B900021B1F /* UIImage+GIF.m in Sources */,
				156E69401C4F69B900021B1F /* UIView+WebCacheOperation.m in Sources */,
				156E69131C4F697800021B1F /* CBBrowsePictureScrollView.m in Sources */,
			);
			runOnlyForDeploymentPostprocessing = 0;
		};
/* End PBXSourcesBuildPhase section */

/* Begin PBXVariantGroup section */
		156E69031C4F695C00021B1F /* Main.storyboard */ = {
			isa = PBXVariantGroup;
			children = (
				156E69041C4F695C00021B1F /* Base */,
			);
			name = Main.storyboard;
			sourceTree = "<group>";
		};
		156E69081C4F695C00021B1F /* LaunchScreen.storyboard */ = {
			isa = PBXVariantGroup;
			children = (
				156E69091C4F695C00021B1F /* Base */,
			);
			name = LaunchScreen.storyboard;
			sourceTree = "<group>";
		};
/* End PBXVariantGroup section */

/* Begin XCBuildConfiguration section */
		156E690C1C4F695C00021B1F /* Debug */ = {
			isa = XCBuildConfiguration;
			buildSettings = {
				ALWAYS_SEARCH_USER_PATHS = NO;
				CLANG_CXX_LANGUAGE_STANDARD = "gnu++0x";
				CLANG_CXX_LIBRARY = "libc++";
				CLANG_ENABLE_MODULES = YES;
				CLANG_ENABLE_OBJC_ARC = YES;
				CLANG_WARN_BOOL_CONVERSION = YES;
				CLANG_WARN_CONSTANT_CONVERSION = YES;
				CLANG_WARN_DIRECT_OBJC_ISA_USAGE = YES_ERROR;
				CLANG_WARN_EMPTY_BODY = YES;
				CLANG_WARN_ENUM_CONVERSION = YES;
				CLANG_WARN_INT_CONVERSION = YES;
				CLANG_WARN_OBJC_ROOT_CLASS = YES_ERROR;
				CLANG_WARN_UNREACHABLE_CODE = YES;
				CLANG_WARN__DUPLICATE_METHOD_MATCH = YES;
				"CODE_SIGN_IDENTITY[sdk=iphoneos*]" = "iPhone Developer";
				COPY_PHASE_STRIP = NO;
				DEBUG_INFORMATION_FORMAT = dwarf;
				ENABLE_STRICT_OBJC_MSGSEND = YES;
				ENABLE_TESTABILITY = YES;
				GCC_C_LANGUAGE_STANDARD = gnu99;
				GCC_DYNAMIC_NO_PIC = NO;
				GCC_NO_COMMON_BLOCKS = YES;
				GCC_OPTIMIZATION_LEVEL = 0;
				GCC_PREPROCESSOR_DEFINITIONS = (
					"DEBUG=1",
					"$(inherited)",
				);
				GCC_WARN_64_TO_32_BIT_CONVERSION = YES;
				GCC_WARN_ABOUT_RETURN_TYPE = YES_ERROR;
				GCC_WARN_UNDECLARED_SELECTOR = YES;
				GCC_WARN_UNINITIALIZED_AUTOS = YES_AGGRESSIVE;
				GCC_WARN_UNUSED_FUNCTION = YES;
				GCC_WARN_UNUSED_VARIABLE = YES;
				IPHONEOS_DEPLOYMENT_TARGET = 9.2;
				MTL_ENABLE_DEBUG_INFO = YES;
				ONLY_ACTIVE_ARCH = YES;
				SDKROOT = iphoneos;
			};
			name = Debug;
		};
		156E690D1C4F695C00021B1F /* Release */ = {
			isa = XCBuildConfiguration;
			buildSettings = {
				ALWAYS_SEARCH_USER_PATHS = NO;
				CLANG_CXX_LANGUAGE_STANDARD = "gnu++0x";
				CLANG_CXX_LIBRARY = "libc++";
				CLANG_ENABLE_MODULES = YES;
				CLANG_ENABLE_OBJC_ARC = YES;
				CLANG_WARN_BOOL_CONVERSION = YES;
				CLANG_WARN_CONSTANT_CONVERSION = YES;
				CLANG_WARN_DIRECT_OBJC_ISA_USAGE = YES_ERROR;
				CLANG_WARN_EMPTY_BODY = YES;
				CLANG_WARN_ENUM_CONVERSION = YES;
				CLANG_WARN_INT_CONVERSION = YES;
				CLANG_WARN_OBJC_ROOT_CLASS = YES_ERROR;
				CLANG_WARN_UNREACHABLE_CODE = YES;
				CLANG_WARN__DUPLICATE_METHOD_MATCH = YES;
				"CODE_SIGN_IDENTITY[sdk=iphoneos*]" = "iPhone Developer";
				COPY_PHASE_STRIP = NO;
				DEBUG_INFORMATION_FORMAT = "dwarf-with-dsym";
				ENABLE_NS_ASSERTIONS = NO;
				ENABLE_STRICT_OBJC_MSGSEND = YES;
				GCC_C_LANGUAGE_STANDARD = gnu99;
				GCC_NO_COMMON_BLOCKS = YES;
				GCC_WARN_64_TO_32_BIT_CONVERSION = YES;
				GCC_WARN_ABOUT_RETURN_TYPE = YES_ERROR;
				GCC_WARN_UNDECLARED_SELECTOR = YES;
				GCC_WARN_UNINITIALIZED_AUTOS = YES_AGGRESSIVE;
				GCC_WARN_UNUSED_FUNCTION = YES;
				GCC_WARN_UNUSED_VARIABLE = YES;
				IPHONEOS_DEPLOYMENT_TARGET = 9.2;
				MTL_ENABLE_DEBUG_INFO = NO;
				SDKROOT = iphoneos;
				VALIDATE_PRODUCT = YES;
			};
			name = Release;
		};
		156E690F1C4F695C00021B1F /* Debug */ = {
			isa = XCBuildConfiguration;
			buildSettings = {
				ASSETCATALOG_COMPILER_APPICON_NAME = AppIcon;
				INFOPLIST_FILE = CBPictureBrowser/Info.plist;
				LD_RUNPATH_SEARCH_PATHS = "$(inherited) @executable_path/Frameworks";
				PRODUCT_BUNDLE_IDENTIFIER = com.91muzu.CBPictureBrowser;
				PRODUCT_NAME = "$(TARGET_NAME)";
			};
			name = Debug;
		};
		156E69101C4F695C00021B1F /* Release */ = {
			isa = XCBuildConfiguration;
			buildSettings = {
				ASSETCATALOG_COMPILER_APPICON_NAME = AppIcon;
				INFOPLIST_FILE = CBPictureBrowser/Info.plist;
				LD_RUNPATH_SEARCH_PATHS = "$(inherited) @executable_path/Frameworks";
				PRODUCT_BUNDLE_IDENTIFIER = com.91muzu.CBPictureBrowser;
				PRODUCT_NAME = "$(TARGET_NAME)";
			};
			name = Release;
		};
/* End XCBuildConfiguration section */

/* Begin XCConfigurationList section */
		156E68F21C4F695B00021B1F /* Build configuration list for PBXProject "CBPictureBrowser" */ = {
			isa = XCConfigurationList;
			buildConfigurations = (
				156E690C1C4F695C00021B1F /* Debug */,
				156E690D1C4F695C00021B1F /* Release */,
			);
			defaultConfigurationIsVisible = 0;
			defaultConfigurationName = Release;
		};
		156E690E1C4F695C00021B1F /* Build configuration list for PBXNativeTarget "CBPictureBrowser" */ = {
			isa = XCConfigurationList;
			buildConfigurations = (
				156E690F1C4F695C00021B1F /* Debug */,
				156E69101C4F695C00021B1F /* Release */,
			);
			defaultConfigurationIsVisible = 0;
		};
/* End XCConfigurationList section */
	};
	rootObject = 156E68EF1C4F695B00021B1F /* Project object */;
}
